
Microsoft Visual Studio Solution File, Format Version 12.00
# Visual Studio Version 16
VisualStudioVersion = 16.0.30320.27
MinimumVisualStudioVersion = 10.0.40219.1
Project("{FAE04EC0-301F-11D3-BF4B-00C04F79EFBC}") = "client", "PrisonWatch\client.csproj", "{AAED1E09-B5C4-41ED-846B-8F48F2610ADB}"
EndProject
Project("{FAE04EC0-301F-11D3-BF4B-00C04F79EFBC}") = "server", "server\server.csproj", "{35CB4101-4E42-4626-8094-08F5EED1F7C0}"
EndProject
Global
	GlobalSection(SolutionConfigurationPlatforms) = preSolution
		Debug|Any CPU = Debug|Any CPU
		Release|Any CPU = Release|Any CPU
	EndGlobalSection
	GlobalSection(ProjectConfigurationPlatforms) = postSolution
		{AAED1E09-B5C4-41ED-846B-8F48F2610ADB}.Debug|Any CPU.ActiveCfg = Debug|Any CPU
		{AAED1E09-B5C4-41ED-846B-8F48F2610ADB}.Debug|Any CPU.Build.0 = Debug|Any CPU
		{AAED1E09-B5C4-41ED-846B-8F48F2610ADB}.Release|Any CPU.ActiveCfg = Release|Any CPU
		{AAED1E09-B5C4-41ED-846B-8F48F2610ADB}.Release|Any CPU.Build.0 = Release|Any CPU
		{35CB4101-4E42-4626-8094-08F5EED1F7C0}.Debug|Any CPU.ActiveCfg = Debug|Any CPU
		{35CB4101-4E42-4626-8094-08F5EED1F7C0}.Debug|Any CPU.Build.0 = Debug|Any CPU
		{35CB4101-4E42-4626-8094-08F5EED1F7C0}.Release|Any CPU.ActiveCfg = Release|Any CPU
		{35CB4101-4E42-4626-8094-08F5EED1F7C0}.Release|Any CPU.Build.0 = Release|Any CPU
	EndGlobalSection
	GlobalSection(SolutionProperties) = preSolution
		HideSolutionNode = FALSE
	EndGlobalSection
	GlobalSection(ExtensibilityGlobals) = postSolution
		SolutionGuid = {E95CB58E-A8C6-4D4F-A3A5-4E1E6A2FB4DA}
	EndGlobalSection
EndGlobal
