
Microsoft Visual Studio Solution File, Format Version 12.00
# Visual Studio Version 16
VisualStudioVersion = 16.0.30320.27
MinimumVisualStudioVersion = 10.0.40219.1
Project("{FAE04EC0-301F-11D3-BF4B-00C04F79EFBC}") = "client", "client\client.csproj", "{73DDD8BA-EA8C-4E88-8BBD-48CF4F8BB8FE}"
EndProject
Global
	GlobalSection(SolutionConfigurationPlatforms) = preSolution
		Debug|Any CPU = Debug|Any CPU
		Release|Any CPU = Release|Any CPU
	EndGlobalSection
	GlobalSection(ProjectConfigurationPlatforms) = postSolution
		{73DDD8BA-EA8C-4E88-8BBD-48CF4F8BB8FE}.Debug|Any CPU.ActiveCfg = Debug|Any CPU
		{73DDD8BA-EA8C-4E88-8BBD-48CF4F8BB8FE}.Debug|Any CPU.Build.0 = Debug|Any CPU
		{73DDD8BA-EA8C-4E88-8BBD-48CF4F8BB8FE}.Release|Any CPU.ActiveCfg = Release|Any CPU
		{73DDD8BA-EA8C-4E88-8BBD-48CF4F8BB8FE}.Release|Any CPU.Build.0 = Release|Any CPU
	EndGlobalSection
	GlobalSection(SolutionProperties) = preSolution
		HideSolutionNode = FALSE
	EndGlobalSection
	GlobalSection(ExtensibilityGlobals) = postSolution
		SolutionGuid = {8C0097E9-8818-4C68-9948-9D499BFB3A23}
	EndGlobalSection
EndGlobal
