
Microsoft Visual Studio Solution File, Format Version 12.00
# Visual Studio Version 16
VisualStudioVersion = 16.0.29102.190
MinimumVisualStudioVersion = 10.0.40219.1
Project("{FAE04EC0-301F-11D3-BF4B-00C04F79EFBC}") = "BankRobbery", "BankRobbery\BankRobbery.csproj", "{0D1B05BA-73F6-438E-BC73-B541377CA1CA}"
EndProject
Project("{FAE04EC0-301F-11D3-BF4B-00C04F79EFBC}") = "BankRobberyServer", "BankRobberyServer\BankRobberyServer.csproj", "{6C0CCA98-A0EA-48FA-B3E1-C5AEEEE016D8}"
EndProject
Global
	GlobalSection(SolutionConfigurationPlatforms) = preSolution
		Debug|Any CPU = Debug|Any CPU
		Release|Any CPU = Release|Any CPU
	EndGlobalSection
	GlobalSection(ProjectConfigurationPlatforms) = postSolution
		{0D1B05BA-73F6-438E-BC73-B541377CA1CA}.Debug|Any CPU.ActiveCfg = Debug|Any CPU
		{0D1B05BA-73F6-438E-BC73-B541377CA1CA}.Debug|Any CPU.Build.0 = Debug|Any CPU
		{0D1B05BA-73F6-438E-BC73-B541377CA1CA}.Release|Any CPU.ActiveCfg = Release|Any CPU
		{0D1B05BA-73F6-438E-BC73-B541377CA1CA}.Release|Any CPU.Build.0 = Release|Any CPU
		{6C0CCA98-A0EA-48FA-B3E1-C5AEEEE016D8}.Debug|Any CPU.ActiveCfg = Debug|Any CPU
		{6C0CCA98-A0EA-48FA-B3E1-C5AEEEE016D8}.Debug|Any CPU.Build.0 = Debug|Any CPU
		{6C0CCA98-A0EA-48FA-B3E1-C5AEEEE016D8}.Release|Any CPU.ActiveCfg = Release|Any CPU
		{6C0CCA98-A0EA-48FA-B3E1-C5AEEEE016D8}.Release|Any CPU.Build.0 = Release|Any CPU
	EndGlobalSection
	GlobalSection(SolutionProperties) = preSolution
		HideSolutionNode = FALSE
	EndGlobalSection
	GlobalSection(ExtensibilityGlobals) = postSolution
		SolutionGuid = {5449B980-F2E7-4710-AEB8-9AC3319DA77E}
	EndGlobalSection
EndGlobal
