
Microsoft Visual Studio Solution File, Format Version 12.00
# Visual Studio Version 16
VisualStudioVersion = 16.0.30320.27
MinimumVisualStudioVersion = 10.0.40219.1
Project("{FAE04EC0-301F-11D3-BF4B-00C04F79EFBC}") = "TrunkInventory", "TrunkInventory\TrunkInventory.csproj", "{4A0E7F19-CACB-4F83-95F0-3EB90D1A8A9F}"
EndProject
Global
	GlobalSection(SolutionConfigurationPlatforms) = preSolution
		Debug|Any CPU = Debug|Any CPU
		Release|Any CPU = Release|Any CPU
	EndGlobalSection
	GlobalSection(ProjectConfigurationPlatforms) = postSolution
		{4A0E7F19-CACB-4F83-95F0-3EB90D1A8A9F}.Debug|Any CPU.ActiveCfg = Debug|Any CPU
		{4A0E7F19-CACB-4F83-95F0-3EB90D1A8A9F}.Debug|Any CPU.Build.0 = Debug|Any CPU
		{4A0E7F19-CACB-4F83-95F0-3EB90D1A8A9F}.Release|Any CPU.ActiveCfg = Release|Any CPU
		{4A0E7F19-CACB-4F83-95F0-3EB90D1A8A9F}.Release|Any CPU.Build.0 = Release|Any CPU
	EndGlobalSection
	GlobalSection(SolutionProperties) = preSolution
		HideSolutionNode = FALSE
	EndGlobalSection
	GlobalSection(ExtensibilityGlobals) = postSolution
		SolutionGuid = {284CF724-4D75-4F66-A563-072DF0E8F42B}
	EndGlobalSection
EndGlobal
